// !$*UTF8*$!
{
	archiveVersion = 1;
	classes = {
	};
	objectVersion = 46;
	objects = {

/* Begin PBXBuildFile section */
		CF2147D31B6927AD00096C99 /* AppDelegate.swift in Sources */ = {isa = PBXBuildFile; fileRef = CF2147D21B6927AD00096C99 /* AppDelegate.swift */; };
		CF2147D51B6927AD00096C99 /* ViewController.swift in Sources */ = {isa = PBXBuildFile; fileRef = CF2147D41B6927AD00096C99 /* ViewController.swift */; };
		CF2147D81B6927AD00096C99 /* Main.storyboard in Resources */ = {isa = PBXBuildFile; fileRef = CF2147D61B6927AD00096C99 /* Main.storyboard */; };
		CF2147DA1B6927AD00096C99 /* Images.xcassets in Resources */ = {isa = PBXBuildFile; fileRef = CF2147D91B6927AD00096C99 /* Images.xcassets */; };
		CF2147DD1B6927AD00096C99 /* LaunchScreen.xib in Resources */ = {isa = PBXBuildFile; fileRef = CF2147DB1B6927AD00096C99 /* LaunchScreen.xib */; };
		CF2147E91B6927AD00096C99 /* ShootTests.swift in Sources */ = {isa = PBXBuildFile; fileRef = CF2147E81B6927AD00096C99 /* ShootTests.swift */; };
/* End PBXBuildFile section */

/* Begin PBXContainerItemProxy section */
		CF2147E31B6927AD00096C99 /* PBXContainerItemProxy */ = {
			isa = PBXContainerItemProxy;
			containerPortal = CF2147C51B6927AD00096C99 /* Project object */;
			proxyType = 1;
			remoteGlobalIDString = CF2147CC1B6927AD00096C99;
			remoteInfo = Shoot;
		};
/* End PBXContainerItemProxy section */

/* Begin PBXFileReference section */
		CF2147CD1B6927AD00096C99 /* Shoot.app */ = {isa = PBXFileReference; explicitFileType = wrapper.application; includeInIndex = 0; path = Shoot.app; sourceTree = BUILT_PRODUCTS_DIR; };
		CF2147D11B6927AD00096C99 /* Info.plist */ = {isa = PBXFileReference; lastKnownFileType = text.plist.xml; path = Info.plist; sourceTree = "<group>"; };
		CF2147D21B6927AD00096C99 /* AppDelegate.swift */ = {isa = PBXFileReference; lastKnownFileType = sourcecode.swift; path = AppDelegate.swift; sourceTree = "<group>"; };
		CF2147D41B6927AD00096C99 /* ViewController.swift */ = {isa = PBXFileReference; lastKnownFileType = sourcecode.swift; path = ViewController.swift; sourceTree = "<group>"; };
		CF2147D71B6927AD00096C99 /* Base */ = {isa = PBXFileReference; lastKnownFileType = file.storyboard; name = Base; path = Base.lproj/Main.storyboard; sourceTree = "<group>"; };
		CF2147D91B6927AD00096C99 /* Images.xcassets */ = {isa = PBXFileReference; lastKnownFileType = folder.assetcatalog; path = Images.xcassets; sourceTree = "<group>"; };
		CF2147DC1B6927AD00096C99 /* Base */ = {isa = PBXFileReference; lastKnownFileType = file.xib; name = Base; path = Base.lproj/LaunchScreen.xib; sourceTree = "<group>"; };
		CF2147E21B6927AD00096C99 /* ShootTests.xctest */ = {isa = PBXFileReference; explicitFileType = wrapper.cfbundle; includeInIndex = 0; path = ShootTests.xctest; sourceTree = BUILT_PRODUCTS_DIR; };
		CF2147E71B6927AD00096C99 /* Info.plist */ = {isa = PBXFileReference; lastKnownFileType = text.plist.xml; path = Info.plist; sourceTree = "<group>"; };
		CF2147E81B6927AD00096C99 /* ShootTests.swift */ = {isa = PBXFileReference; lastKnownFileType = sourcecode.swift; path = ShootTests.swift; sourceTree = "<group>"; };
/* End PBXFileReference section */

/* Begin PBXFrameworksBuildPhase section */
		CF2147CA1B6927AD00096C99 /* Frameworks */ = {
			isa = PBXFrameworksBuildPhase;
			buildActionMask = 2147483647;
			files = (
			);
			runOnlyForDeploymentPostprocessing = 0;
		};
		CF2147DF1B6927AD00096C99 /* Frameworks */ = {
			isa = PBXFrameworksBuildPhase;
			buildActionMask = 2147483647;
			files = (
			);
			runOnlyForDeploymentPostprocessing = 0;
		};
/* End PBXFrameworksBuildPhase section */

/* Begin PBXGroup section */
		CF2147C41B6927AD00096C99 = {
			isa = PBXGroup;
			children = (
				CF2147CF1B6927AD00096C99 /* Shoot */,
				CF2147E51B6927AD00096C99 /* ShootTests */,
				CF2147CE1B6927AD00096C99 /* Products */,
			);
			sourceTree = "<group>";
		};
		CF2147CE1B6927AD00096C99 /* Products */ = {
			isa = PBXGroup;
			children = (
				CF2147CD1B6927AD00096C99 /* Shoot.app */,
				CF2147E21B6927AD00096C99 /* ShootTests.xctest */,
			);
			name = Products;
			sourceTree = "<group>";
		};
		CF2147CF1B6927AD00096C99 /* Shoot */ = {
			isa = PBXGroup;
			children = (
				CF2147D21B6927AD00096C99 /* AppDelegate.swift */,
				CF2147D41B6927AD00096C99 /* ViewController.swift */,
				CF2147D61B6927AD00096C99 /* Main.storyboard */,
				CF2147D91B6927AD00096C99 /* Images.xcassets */,
				CF2147DB1B6927AD00096C99 /* LaunchScreen.xib */,
				CF2147D01B6927AD00096C99 /* Supporting Files */,
			);
			path = Shoot;
			sourceTree = "<group>";
		};
		CF2147D01B6927AD00096C99 /* Supporting Files */ = {
			isa = PBXGroup;
			children = (
				CF2147D11B6927AD00096C99 /* Info.plist */,
			);
			name = "Supporting Files";
			sourceTree = "<group>";
		};
		CF2147E51B6927AD00096C99 /* ShootTests */ = {
			isa = PBXGroup;
			children = (
				CF2147E81B6927AD00096C99 /* ShootTests.swift */,
				CF2147E61B6927AD00096C99 /* Supporting Files */,
			);
			path = ShootTests;
			sourceTree = "<group>";
		};
		CF2147E61B6927AD00096C99 /* Supporting Files */ = {
			isa = PBXGroup;
			children = (
				CF2147E71B6927AD00096C99 /* Info.plist */,
			);
			name = "Supporting Files";
			sourceTree = "<group>";
		};
/* End PBXGroup section */

/* Begin PBXNativeTarget section */
		CF2147CC1B6927AD00096C99 /* Shoot */ = {
			isa = PBXNativeTarget;
			buildConfigurationList = CF2147EC1B6927AD00096C99 /* Build configuration list for PBXNativeTarget "Shoot" */;
			buildPhases = (
				CF2147C91B6927AD00096C99 /* Sources */,
				CF2147CA1B6927AD00096C99 /* Frameworks */,
				CF2147CB1B6927AD00096C99 /* Resources */,
			);
			buildRules = (
			);
			dependencies = (
			);
			name = Shoot;
			productName = Shoot;
			productReference = CF2147CD1B6927AD00096C99 /* Shoot.app */;
			productType = "com.apple.product-type.application";
		};
		CF2147E11B6927AD00096C99 /* ShootTests */ = {
			isa = PBXNativeTarget;
			buildConfigurationList = CF2147EF1B6927AD00096C99 /* Build configuration list for PBXNativeTarget "ShootTests" */;
			buildPhases = (
				CF2147DE1B6927AD00096C99 /* Sources */,
				CF2147DF1B6927AD00096C99 /* Frameworks */,
				CF2147E01B6927AD00096C99 /* Resources */,
			);
			buildRules = (
			);
			dependencies = (
				CF2147E41B6927AD00096C99 /* PBXTargetDependency */,
			);
			name = ShootTests;
			productName = ShootTests;
			productReference = CF2147E21B6927AD00096C99 /* ShootTests.xctest */;
			productType = "com.apple.product-type.bundle.unit-test";
		};
/* End PBXNativeTarget section */

/* Begin PBXProject section */
		CF2147C51B6927AD00096C99 /* Project object */ = {
			isa = PBXProject;
			attributes = {
				LastUpgradeCheck = 0640;
				ORGANIZATIONNAME = haithammaaieh;
				TargetAttributes = {
					CF2147CC1B6927AD00096C99 = {
						CreatedOnToolsVersion = 6.4;
					};
					CF2147E11B6927AD00096C99 = {
						CreatedOnToolsVersion = 6.4;
						TestTargetID = CF2147CC1B6927AD00096C99;
					};
				};
			};
			buildConfigurationList = CF2147C81B6927AD00096C99 /* Build configuration list for PBXProject "Shoot" */;
			compatibilityVersion = "Xcode 3.2";
			developmentRegion = English;
			hasScannedForEncodings = 0;
			knownRegions = (
				en,
				Base,
			);
			mainGroup = CF2147C41B6927AD00096C99;
			productRefGroup = CF2147CE1B6927AD00096C99 /* Products */;
			projectDirPath = "";
			projectRoot = "";
			targets = (
				CF2147CC1B6927AD00096C99 /* Shoot */,
				CF2147E11B6927AD00096C99 /* ShootTests */,
			);
		};
/* End PBXProject section */

/* Begin PBXResourcesBuildPhase section */
		CF2147CB1B6927AD00096C99 /* Resources */ = {
			isa = PBXResourcesBuildPhase;
			buildActionMask = 2147483647;
			files = (
				CF2147D81B6927AD00096C99 /* Main.storyboard in Resources */,
				CF2147DD1B6927AD00096C99 /* LaunchScreen.xib in Resources */,
				CF2147DA1B6927AD00096C99 /* Images.xcassets in Resources */,
			);
			runOnlyForDeploymentPostprocessing = 0;
		};
		CF2147E01B6927AD00096C99 /* Resources */ = {
			isa = PBXResourcesBuildPhase;
			buildActionMask = 2147483647;
			files = (
			);
			runOnlyForDeploymentPostprocessing = 0;
		};
/* End PBXResourcesBuildPhase section */

/* Begin PBXSourcesBuildPhase section */
		CF2147C91B6927AD00096C99 /* Sources */ = {
			isa = PBXSourcesBuildPhase;
			buildActionMask = 2147483647;
			files = (
				CF2147D51B6927AD00096C99 /* ViewController.swift in Sources */,
				CF2147D31B6927AD00096C99 /* AppDelegate.swift in Sources */,
			);
			runOnlyForDeploymentPostprocessing = 0;
		};
		CF2147DE1B6927AD00096C99 /* Sources */ = {
			isa = PBXSourcesBuildPhase;
			buildActionMask = 2147483647;
			files = (
				CF2147E91B6927AD00096C99 /* ShootTests.swift in Sources */,
			);
			runOnlyForDeploymentPostprocessing = 0;
		};
/* End PBXSourcesBuildPhase section */

/* Begin PBXTargetDependency section */
		CF2147E41B6927AD00096C99 /* PBXTargetDependency */ = {
			isa = PBXTargetDependency;
			target = CF2147CC1B6927AD00096C99 /* Shoot */;
			targetProxy = CF2147E31B6927AD00096C99 /* PBXContainerItemProxy */;
		};
/* End PBXTargetDependency section */

/* Begin PBXVariantGroup section */
		CF2147D61B6927AD00096C99 /* Main.storyboard */ = {
			isa = PBXVariantGroup;
			children = (
				CF2147D71B6927AD00096C99 /* Base */,
			);
			name = Main.storyboard;
			sourceTree = "<group>";
		};
		CF2147DB1B6927AD00096C99 /* LaunchScreen.xib */ = {
			isa = PBXVariantGroup;
			children = (
				CF2147DC1B6927AD00096C99 /* Base */,
			);
			name = LaunchScreen.xib;
			sourceTree = "<group>";
		};
/* End PBXVariantGroup section */

/* Begin XCBuildConfiguration section */
		CF2147EA1B6927AD00096C99 /* Debug */ = {
			isa = XCBuildConfiguration;
			buildSettings = {
				ALWAYS_SEARCH_USER_PATHS = NO;
				CLANG_CXX_LANGUAGE_STANDARD = "gnu++0x";
				CLANG_CXX_LIBRARY = "libc++";
				CLANG_ENABLE_MODULES = YES;
				CLANG_ENABLE_OBJC_ARC = YES;
				CLANG_WARN_BOOL_CONVERSION = YES;
				CLANG_WARN_CONSTANT_CONVERSION = YES;
				CLANG_WARN_DIRECT_OBJC_ISA_USAGE = YES_ERROR;
				CLANG_WARN_EMPTY_BODY = YES;
				CLANG_WARN_ENUM_CONVERSION = YES;
				CLANG_WARN_INT_CONVERSION = YES;
				CLANG_WARN_OBJC_ROOT_CLASS = YES_ERROR;
				CLANG_WARN_UNREACHABLE_CODE = YES;
				CLANG_WARN__DUPLICATE_METHOD_MATCH = YES;
				"CODE_SIGN_IDENTITY[sdk=iphoneos*]" = "iPhone Developer";
				COPY_PHASE_STRIP = NO;
				DEBUG_INFORMATION_FORMAT = "dwarf-with-dsym";
				ENABLE_STRICT_OBJC_MSGSEND = YES;
				GCC_C_LANGUAGE_STANDARD = gnu99;
				GCC_DYNAMIC_NO_PIC = NO;
				GCC_NO_COMMON_BLOCKS = YES;
				GCC_OPTIMIZATION_LEVEL = 0;
				GCC_PREPROCESSOR_DEFINITIONS = (
					"DEBUG=1",
					"$(inherited)",
				);
				GCC_SYMBOLS_PRIVATE_EXTERN = NO;
				GCC_WARN_64_TO_32_BIT_CONVERSION = YES;
				GCC_WARN_ABOUT_RETURN_TYPE = YES_ERROR;
				GCC_WARN_UNDECLARED_SELECTOR = YES;
				GCC_WARN_UNINITIALIZED_AUTOS = YES_AGGRESSIVE;
				GCC_WARN_UNUSED_FUNCTION = YES;
				GCC_WARN_UNUSED_VARIABLE = YES;
				IPHONEOS_DEPLOYMENT_TARGET = 8.4;
				MTL_ENABLE_DEBUG_INFO = YES;
				ONLY_ACTIVE_ARCH = YES;
				SDKROOT = iphoneos;
				SWIFT_OPTIMIZATION_LEVEL = "-Onone";
				TARGETED_DEVICE_FAMILY = "1,2";
			};
			name = Debug;
		};
		CF2147EB1B6927AD00096C99 /* Release */ = {
			isa = XCBuildConfiguration;
			buildSettings = {
				ALWAYS_SEARCH_USER_PATHS = NO;
				CLANG_CXX_LANGUAGE_STANDARD = "gnu++0x";
				CLANG_CXX_LIBRARY = "libc++";
				CLANG_ENABLE_MODULES = YES;
				CLANG_ENABLE_OBJC_ARC = YES;
				CLANG_WARN_BOOL_CONVERSION = YES;
				CLANG_WARN_CONSTANT_CONVERSION = YES;
				CLANG_WARN_DIRECT_OBJC_ISA_USAGE = YES_ERROR;
				CLANG_WARN_EMPTY_BODY = YES;
				CLANG_WARN_ENUM_CONVERSION = YES;
				CLANG_WARN_INT_CONVERSION = YES;
				CLANG_WARN_OBJC_ROOT_CLASS = YES_ERROR;
				CLANG_WARN_UNREACHABLE_CODE = YES;
				CLANG_WARN__DUPLICATE_METHOD_MATCH = YES;
				"CODE_SIGN_IDENTITY[sdk=iphoneos*]" = "iPhone Developer";
				COPY_PHASE_STRIP = NO;
				DEBUG_INFORMATION_FORMAT = "dwarf-with-dsym";
				ENABLE_NS_ASSERTIONS = NO;
				ENABLE_STRICT_OBJC_MSGSEND = YES;
				GCC_C_LANGUAGE_STANDARD = gnu99;
				GCC_NO_COMMON_BLOCKS = YES;
				GCC_WARN_64_TO_32_BIT_CONVERSION = YES;
				GCC_WARN_ABOUT_RETURN_TYPE = YES_ERROR;
				GCC_WARN_UNDECLARED_SELECTOR = YES;
				GCC_WARN_UNINITIALIZED_AUTOS = YES_AGGRESSIVE;
				GCC_WARN_UNUSED_FUNCTION = YES;
				GCC_WARN_UNUSED_VARIABLE = YES;
				IPHONEOS_DEPLOYMENT_TARGET = 8.4;
				MTL_ENABLE_DEBUG_INFO = NO;
				SDKROOT = iphoneos;
				TARGETED_DEVICE_FAMILY = "1,2";
				VALIDATE_PRODUCT = YES;
			};
			name = Release;
		};
		CF2147ED1B6927AD00096C99 /* Debug */ = {
			isa = XCBuildConfiguration;
			buildSettings = {
				ASSETCATALOG_COMPILER_APPICON_NAME = AppIcon;
				INFOPLIST_FILE = Shoot/Info.plist;
				LD_RUNPATH_SEARCH_PATHS = "$(inherited) @executable_path/Frameworks";
				PRODUCT_NAME = "$(TARGET_NAME)";
			};
			name = Debug;
		};
		CF2147EE1B6927AD00096C99 /* Release */ = {
			isa = XCBuildConfiguration;
			buildSettings = {
				ASSETCATALOG_COMPILER_APPICON_NAME = AppIcon;
				INFOPLIST_FILE = Shoot/Info.plist;
				LD_RUNPATH_SEARCH_PATHS = "$(inherited) @executable_path/Frameworks";
				PRODUCT_NAME = "$(TARGET_NAME)";
			};
			name = Release;
		};
		CF2147F01B6927AD00096C99 /* Debug */ = {
			isa = XCBuildConfiguration;
			buildSettings = {
				BUNDLE_LOADER = "$(TEST_HOST)";
				FRAMEWORK_SEARCH_PATHS = (
					"$(SDKROOT)/Developer/Library/Frameworks",
					"$(inherited)",
				);
				GCC_PREPROCESSOR_DEFINITIONS = (
					"DEBUG=1",
					"$(inherited)",
				);
				INFOPLIST_FILE = ShootTests/Info.plist;
				LD_RUNPATH_SEARCH_PATHS = "$(inherited) @executable_path/Frameworks @loader_path/Frameworks";
				PRODUCT_NAME = "$(TARGET_NAME)";
				TEST_HOST = "$(BUILT_PRODUCTS_DIR)/Shoot.app/Shoot";
			};
			name = Debug;
		};
		CF2147F11B6927AD00096C99 /* Release */ = {
			isa = XCBuildConfiguration;
			buildSettings = {
				BUNDLE_LOADER = "$(TEST_HOST)";
				FRAMEWORK_SEARCH_PATHS = (
					"$(SDKROOT)/Developer/Library/Frameworks",
					"$(inherited)",
				);
				INFOPLIST_FILE = ShootTests/Info.plist;
				LD_RUNPATH_SEARCH_PATHS = "$(inherited) @executable_path/Frameworks @loader_path/Frameworks";
				PRODUCT_NAME = "$(TARGET_NAME)";
				TEST_HOST = "$(BUILT_PRODUCTS_DIR)/Shoot.app/Shoot";
			};
			name = Release;
		};
/* End XCBuildConfiguration section */

/* Begin XCConfigurationList section */
		CF2147C81B6927AD00096C99 /* Build configuration list for PBXProject "Shoot" */ = {
			isa = XCConfigurationList;
			buildConfigurations = (
				CF2147EA1B6927AD00096C99 /* Debug */,
				CF2147EB1B6927AD00096C99 /* Release */,
			);
			defaultConfigurationIsVisible = 0;
			defaultConfigurationName = Release;
		};
		CF2147EC1B6927AD00096C99 /* Build configuration list for PBXNativeTarget "Shoot" */ = {
			isa = XCConfigurationList;
			buildConfigurations = (
				CF2147ED1B6927AD00096C99 /* Debug */,
				CF2147EE1B6927AD00096C99 /* Release */,
			);
			defaultConfigurationIsVisible = 0;
		};
		CF2147EF1B6927AD00096C99 /* Build configuration list for PBXNativeTarget "ShootTests" */ = {
			isa = XCConfigurationList;
			buildConfigurations = (
				CF2147F01B6927AD00096C99 /* Debug */,
				CF2147F11B6927AD00096C99 /* Release */,
			);
			defaultConfigurationIsVisible = 0;
		};
/* End XCConfigurationList section */
	};
	rootObject = CF2147C51B6927AD00096C99 /* Project object */;
}
